
Microsoft Visual Studio Solution File, Format Version 12.00
# Visual Studio Version 16
VisualStudioVersion = 16.0.29215.179
MinimumVisualStudioVersion = 10.0.40219.1
Project("{FAE04EC0-301F-11D3-BF4B-00C04F79EFBC}") = "ch03_Project_3-1_Temperature_Converter", "ch03_Project_3-1_Temperature_Converter\ch03_Project_3-1_Temperature_Converter.csproj", "{4479132D-D0AC-4D45-B40E-85140015F666}"
EndProject
Global
	GlobalSection(SolutionConfigurationPlatforms) = preSolution
		Debug|Any CPU = Debug|Any CPU
		Release|Any CPU = Release|Any CPU
	EndGlobalSection
	GlobalSection(ProjectConfigurationPlatforms) = postSolution
		{4479132D-D0AC-4D45-B40E-85140015F666}.Debug|Any CPU.ActiveCfg = Debug|Any CPU
		{4479132D-D0AC-4D45-B40E-85140015F666}.Debug|Any CPU.Build.0 = Debug|Any CPU
		{4479132D-D0AC-4D45-B40E-85140015F666}.Release|Any CPU.ActiveCfg = Release|Any CPU
		{4479132D-D0AC-4D45-B40E-85140015F666}.Release|Any CPU.Build.0 = Release|Any CPU
	EndGlobalSection
	GlobalSection(SolutionProperties) = preSolution
		HideSolutionNode = FALSE
	EndGlobalSection
	GlobalSection(ExtensibilityGlobals) = postSolution
		SolutionGuid = {61F0AB76-4933-4A54-9F8A-B8C4C58E8ADD}
	EndGlobalSection
EndGlobal
