
Microsoft Visual Studio Solution File, Format Version 12.00
# Visual Studio Version 16
VisualStudioVersion = 16.0.29215.179
MinimumVisualStudioVersion = 10.0.40219.1
Project("{FAE04EC0-301F-11D3-BF4B-00C04F79EFBC}") = "ch04_Fizz_Buzz", "ch04_Fizz_Buzz\ch04_Fizz_Buzz.csproj", "{EDFB5DE7-4F6A-43EF-B7A8-2190B3BF9F65}"
EndProject
Global
	GlobalSection(SolutionConfigurationPlatforms) = preSolution
		Debug|Any CPU = Debug|Any CPU
		Release|Any CPU = Release|Any CPU
	EndGlobalSection
	GlobalSection(ProjectConfigurationPlatforms) = postSolution
		{EDFB5DE7-4F6A-43EF-B7A8-2190B3BF9F65}.Debug|Any CPU.ActiveCfg = Debug|Any CPU
		{EDFB5DE7-4F6A-43EF-B7A8-2190B3BF9F65}.Debug|Any CPU.Build.0 = Debug|Any CPU
		{EDFB5DE7-4F6A-43EF-B7A8-2190B3BF9F65}.Release|Any CPU.ActiveCfg = Release|Any CPU
		{EDFB5DE7-4F6A-43EF-B7A8-2190B3BF9F65}.Release|Any CPU.Build.0 = Release|Any CPU
	EndGlobalSection
	GlobalSection(SolutionProperties) = preSolution
		HideSolutionNode = FALSE
	EndGlobalSection
	GlobalSection(ExtensibilityGlobals) = postSolution
		SolutionGuid = {C19691A7-74FB-4DFB-9ECE-FFF26C07A579}
	EndGlobalSection
EndGlobal
